<Solution>
  <Folder Name="/src/">
    <Project Path="src/PcDashboard.Core/PcDashboard.Core.csproj" />
    <Project Path="src/PcDashboard.Desktop/PcDashboard.Desktop.csproj" />
  </Folder>
  <Folder Name="/tests/">
    <Project Path="tests/PcDashboard.Tests/PcDashboard.Tests.csproj" />
  </Folder>
</Solution>
